
Microsoft Visual Studio Solution File, Format Version 12.00
# Visual Studio Version 17
VisualStudioVersion = 17.14.36414.22 d17.14
MinimumVisualStudioVersion = 10.0.40219.1
Project("{FAE04EC0-301F-11D3-BF4B-00C04F79EFBC}") = "Ariketa12", "Ariketa12.csproj", "{2AAC4924-5A1A-48CC-9FCF-CA44D7AA9C2A}"
EndProject
Global
	GlobalSection(SolutionConfigurationPlatforms) = preSolution
		Debug|Any CPU = Debug|Any CPU
		Release|Any CPU = Release|Any CPU
	EndGlobalSection
	GlobalSection(ProjectConfigurationPlatforms) = postSolution
		{2AAC4924-5A1A-48CC-9FCF-CA44D7AA9C2A}.Debug|Any CPU.ActiveCfg = Debug|Any CPU
		{2AAC4924-5A1A-48CC-9FCF-CA44D7AA9C2A}.Debug|Any CPU.Build.0 = Debug|Any CPU
		{2AAC4924-5A1A-48CC-9FCF-CA44D7AA9C2A}.Release|Any CPU.ActiveCfg = Release|Any CPU
		{2AAC4924-5A1A-48CC-9FCF-CA44D7AA9C2A}.Release|Any CPU.Build.0 = Release|Any CPU
	EndGlobalSection
	GlobalSection(SolutionProperties) = preSolution
		HideSolutionNode = FALSE
	EndGlobalSection
	GlobalSection(ExtensibilityGlobals) = postSolution
		SolutionGuid = {5512E714-BE9D-4BD5-AAC5-9CD2C9D8F7F8}
	EndGlobalSection
EndGlobal
