
Microsoft Visual Studio Solution File, Format Version 12.00
# Visual Studio Version 17
VisualStudioVersion = 17.14.36414.22 d17.14
MinimumVisualStudioVersion = 10.0.40219.1
Project("{FAE04EC0-301F-11D3-BF4B-00C04F79EFBC}") = "Ariketa10", "Ariketa10.csproj", "{8C230148-ABAF-41AC-9985-2A19166DEF6A}"
EndProject
Global
	GlobalSection(SolutionConfigurationPlatforms) = preSolution
		Debug|Any CPU = Debug|Any CPU
		Release|Any CPU = Release|Any CPU
	EndGlobalSection
	GlobalSection(ProjectConfigurationPlatforms) = postSolution
		{8C230148-ABAF-41AC-9985-2A19166DEF6A}.Debug|Any CPU.ActiveCfg = Debug|Any CPU
		{8C230148-ABAF-41AC-9985-2A19166DEF6A}.Debug|Any CPU.Build.0 = Debug|Any CPU
		{8C230148-ABAF-41AC-9985-2A19166DEF6A}.Release|Any CPU.ActiveCfg = Release|Any CPU
		{8C230148-ABAF-41AC-9985-2A19166DEF6A}.Release|Any CPU.Build.0 = Release|Any CPU
	EndGlobalSection
	GlobalSection(SolutionProperties) = preSolution
		HideSolutionNode = FALSE
	EndGlobalSection
	GlobalSection(ExtensibilityGlobals) = postSolution
		SolutionGuid = {BDE232A3-9FCD-4278-B1F0-D045DAB0294F}
	EndGlobalSection
EndGlobal
