
Microsoft Visual Studio Solution File, Format Version 12.00
# Visual Studio Version 17
VisualStudioVersion = 17.14.36414.22 d17.14
MinimumVisualStudioVersion = 10.0.40219.1
Project("{FAE04EC0-301F-11D3-BF4B-00C04F79EFBC}") = "Ariketa8", "Ariketa8.csproj", "{E508E2B5-EABE-4050-BB1E-E4C26D08BBF0}"
EndProject
Global
	GlobalSection(SolutionConfigurationPlatforms) = preSolution
		Debug|Any CPU = Debug|Any CPU
		Release|Any CPU = Release|Any CPU
	EndGlobalSection
	GlobalSection(ProjectConfigurationPlatforms) = postSolution
		{E508E2B5-EABE-4050-BB1E-E4C26D08BBF0}.Debug|Any CPU.ActiveCfg = Debug|Any CPU
		{E508E2B5-EABE-4050-BB1E-E4C26D08BBF0}.Debug|Any CPU.Build.0 = Debug|Any CPU
		{E508E2B5-EABE-4050-BB1E-E4C26D08BBF0}.Release|Any CPU.ActiveCfg = Release|Any CPU
		{E508E2B5-EABE-4050-BB1E-E4C26D08BBF0}.Release|Any CPU.Build.0 = Release|Any CPU
	EndGlobalSection
	GlobalSection(SolutionProperties) = preSolution
		HideSolutionNode = FALSE
	EndGlobalSection
	GlobalSection(ExtensibilityGlobals) = postSolution
		SolutionGuid = {84296650-876F-4043-B7B8-4D539D079D7D}
	EndGlobalSection
EndGlobal
